
Microsoft Visual Studio Solution File, Format Version 12.00
# Visual Studio 15
VisualStudioVersion = 15.0.27428.2037
MinimumVisualStudioVersion = 10.0.40219.1
Project("{FAE04EC0-301F-11D3-BF4B-00C04F79EFBC}") = "Discord-Bot-GoodAdmin", "Discord-Bot-GoodAdmin\Discord-Bot-GoodAdmin.csproj", "{FFADBA4A-3F9E-4FA7-8857-EBAFF44B6642}"
EndProject
Project("{FAE04EC0-301F-11D3-BF4B-00C04F79EFBC}") = "Discord-Bot-GoodAdmin-API", "Discord-Bot-GoodAdmin-API\Discord-Bot-GoodAdmin-API.csproj", "{3BDFDA10-C630-484F-A075-9A519761284F}"
EndProject
Project("{FAE04EC0-301F-11D3-BF4B-00C04F79EFBC}") = "Module-Test", "Module-Test\Module-Test.csproj", "{D9AD3D59-9CCA-4A26-822A-E98456CE07D6}"
EndProject
Project("{FAE04EC0-301F-11D3-BF4B-00C04F79EFBC}") = "Module-Administrative", "Module-Administrative\Module-Administrative.csproj", "{BEEAE042-B6EC-4C79-A035-0F7FF6B47DAB}"
EndProject
Project("{9092AA53-FB77-4645-B42D-1CCCA6BD08BD}") = "GoodAdminJS", "GoodAdminJS\GoodAdminJS.njsproj", "{9E986F36-9F15-4A17-BA9D-EC3176C88D27}"
EndProject
Project("{FAE04EC0-301F-11D3-BF4B-00C04F79EFBC}") = "Module-GameManager", "Module-FiveM\Module-GameManager.csproj", "{B9F84126-85B5-4198-A300-12F531BEDC5F}"
EndProject
Project("{FAE04EC0-301F-11D3-BF4B-00C04F79EFBC}") = "DiscordMVC.net", "DiscordMVC.net\DiscordMVC.net.csproj", "{0968EEA0-9694-4B50-BEAA-76BBD818D0FB}"
EndProject
Global
	GlobalSection(SolutionConfigurationPlatforms) = preSolution
		Debug|Any CPU = Debug|Any CPU
		Release|Any CPU = Release|Any CPU
	EndGlobalSection
	GlobalSection(ProjectConfigurationPlatforms) = postSolution
		{FFADBA4A-3F9E-4FA7-8857-EBAFF44B6642}.Debug|Any CPU.ActiveCfg = Debug|Any CPU
		{FFADBA4A-3F9E-4FA7-8857-EBAFF44B6642}.Debug|Any CPU.Build.0 = Debug|Any CPU
		{FFADBA4A-3F9E-4FA7-8857-EBAFF44B6642}.Release|Any CPU.ActiveCfg = Release|Any CPU
		{FFADBA4A-3F9E-4FA7-8857-EBAFF44B6642}.Release|Any CPU.Build.0 = Release|Any CPU
		{3BDFDA10-C630-484F-A075-9A519761284F}.Debug|Any CPU.ActiveCfg = Debug|Any CPU
		{3BDFDA10-C630-484F-A075-9A519761284F}.Debug|Any CPU.Build.0 = Debug|Any CPU
		{3BDFDA10-C630-484F-A075-9A519761284F}.Release|Any CPU.ActiveCfg = Release|Any CPU
		{3BDFDA10-C630-484F-A075-9A519761284F}.Release|Any CPU.Build.0 = Release|Any CPU
		{D9AD3D59-9CCA-4A26-822A-E98456CE07D6}.Debug|Any CPU.ActiveCfg = Debug|Any CPU
		{D9AD3D59-9CCA-4A26-822A-E98456CE07D6}.Debug|Any CPU.Build.0 = Debug|Any CPU
		{D9AD3D59-9CCA-4A26-822A-E98456CE07D6}.Release|Any CPU.ActiveCfg = Release|Any CPU
		{D9AD3D59-9CCA-4A26-822A-E98456CE07D6}.Release|Any CPU.Build.0 = Release|Any CPU
		{BEEAE042-B6EC-4C79-A035-0F7FF6B47DAB}.Debug|Any CPU.ActiveCfg = Debug|Any CPU
		{BEEAE042-B6EC-4C79-A035-0F7FF6B47DAB}.Debug|Any CPU.Build.0 = Debug|Any CPU
		{BEEAE042-B6EC-4C79-A035-0F7FF6B47DAB}.Release|Any CPU.ActiveCfg = Release|Any CPU
		{BEEAE042-B6EC-4C79-A035-0F7FF6B47DAB}.Release|Any CPU.Build.0 = Release|Any CPU
		{9E986F36-9F15-4A17-BA9D-EC3176C88D27}.Debug|Any CPU.ActiveCfg = Debug|Any CPU
		{9E986F36-9F15-4A17-BA9D-EC3176C88D27}.Debug|Any CPU.Build.0 = Debug|Any CPU
		{9E986F36-9F15-4A17-BA9D-EC3176C88D27}.Release|Any CPU.ActiveCfg = Release|Any CPU
		{9E986F36-9F15-4A17-BA9D-EC3176C88D27}.Release|Any CPU.Build.0 = Release|Any CPU
		{B9F84126-85B5-4198-A300-12F531BEDC5F}.Debug|Any CPU.ActiveCfg = Debug|Any CPU
		{B9F84126-85B5-4198-A300-12F531BEDC5F}.Debug|Any CPU.Build.0 = Debug|Any CPU
		{B9F84126-85B5-4198-A300-12F531BEDC5F}.Release|Any CPU.ActiveCfg = Release|Any CPU
		{B9F84126-85B5-4198-A300-12F531BEDC5F}.Release|Any CPU.Build.0 = Release|Any CPU
		{0968EEA0-9694-4B50-BEAA-76BBD818D0FB}.Debug|Any CPU.ActiveCfg = Debug|Any CPU
		{0968EEA0-9694-4B50-BEAA-76BBD818D0FB}.Debug|Any CPU.Build.0 = Debug|Any CPU
		{0968EEA0-9694-4B50-BEAA-76BBD818D0FB}.Release|Any CPU.ActiveCfg = Release|Any CPU
		{0968EEA0-9694-4B50-BEAA-76BBD818D0FB}.Release|Any CPU.Build.0 = Release|Any CPU
	EndGlobalSection
	GlobalSection(SolutionProperties) = preSolution
		HideSolutionNode = FALSE
	EndGlobalSection
	GlobalSection(ExtensibilityGlobals) = postSolution
		SolutionGuid = {C46016A6-8178-4BD2-80E1-82897ACCE305}
	EndGlobalSection
EndGlobal
